
Microsoft Visual Studio Solution File, Format Version 12.00
# Visual Studio Version 16
VisualStudioVersion = 16.0.32106.194
MinimumVisualStudioVersion = 10.0.40219.1
Project("{FAE04EC0-301F-11D3-BF4B-00C04F79EFBC}") = "CheckingSystem", "CheckingSystem\CheckingSystem.csproj", "{AC369297-AA52-4484-80A4-2BB0021121E7}"
EndProject
Global
	GlobalSection(SolutionConfigurationPlatforms) = preSolution
		Debug|Any CPU = Debug|Any CPU
		Release|Any CPU = Release|Any CPU
	EndGlobalSection
	GlobalSection(ProjectConfigurationPlatforms) = postSolution
		{AC369297-AA52-4484-80A4-2BB0021121E7}.Debug|Any CPU.ActiveCfg = Debug|Any CPU
		{AC369297-AA52-4484-80A4-2BB0021121E7}.Debug|Any CPU.Build.0 = Debug|Any CPU
		{AC369297-AA52-4484-80A4-2BB0021121E7}.Release|Any CPU.ActiveCfg = Release|Any CPU
		{AC369297-AA52-4484-80A4-2BB0021121E7}.Release|Any CPU.Build.0 = Release|Any CPU
	EndGlobalSection
	GlobalSection(SolutionProperties) = preSolution
		HideSolutionNode = FALSE
	EndGlobalSection
	GlobalSection(ExtensibilityGlobals) = postSolution
		SolutionGuid = {A9249D1F-AF32-45BE-AD6A-FC0AD97FC0AC}
	EndGlobalSection
EndGlobal
